{
  "originHash" : "2903fbc2627e434b672b6f7cb5ffb9a0970f0b6bb635c80dd251db1653cd7636",
  "pins" : [
    {
      "identity" : "anyformatkit",
      "kind" : "remoteSourceControl",
      "location" : "https://github.com/luximetr/AnyFormatKit",
      "state" : {
        "revision" : "ae3a965164005b07f81d6aa066520d7ad14ea54e",
        "version" : "2.5.2"
      }
    },
    {
      "identity" : "kingfisher",
      "kind" : "remoteSourceControl",
      "location" : "https://github.com/onevcat/Kingfisher.git",
      "state" : {
        "revision" : "d30a5fad881137e2267f96a8e3fc35c58999bb94",
        "version" : "8.6.2"
      }
    },
    {
      "identity" : "realhttp",
      "kind" : "remoteSourceControl",
      "location" : "https://github.com/immobiliare/RealHTTP.git",
      "state" : {
        "revision" : "fcec34a9996012aa2dc8ae70fc8c0d7075054739",
        "version" : "1.9.0"
      }
    }
  ],
  "version" : 3
}
